
Microsoft Visual Studio Solution File, Format Version 12.00
# Visual Studio 15
VisualStudioVersion = 15.0.27130.2027
MinimumVisualStudioVersion = 10.0.40219.1
Project("{FAE04EC0-301F-11D3-BF4B-00C04F79EFBC}") = "SoapSample", "SoapSample\SoapSample.csproj", "{C78DB4EB-46F1-4D45-95DD-64C2DCFF5179}"
EndProject
Project("{FAE04EC0-301F-11D3-BF4B-00C04F79EFBC}") = "CalculatorConsole", "CalculatorConsole\CalculatorConsole.csproj", "{8C760537-D44D-4446-B6A7-B6404BC3A7C9}"
	ProjectSection(ProjectDependencies) = postProject
		{C78DB4EB-46F1-4D45-95DD-64C2DCFF5179} = {C78DB4EB-46F1-4D45-95DD-64C2DCFF5179}
	EndProjectSection
EndProject
Global
	GlobalSection(SolutionConfigurationPlatforms) = preSolution
		Debug|Any CPU = Debug|Any CPU
		Release|Any CPU = Release|Any CPU
	EndGlobalSection
	GlobalSection(ProjectConfigurationPlatforms) = postSolution
		{C78DB4EB-46F1-4D45-95DD-64C2DCFF5179}.Debug|Any CPU.ActiveCfg = Debug|Any CPU
		{C78DB4EB-46F1-4D45-95DD-64C2DCFF5179}.Debug|Any CPU.Build.0 = Debug|Any CPU
		{C78DB4EB-46F1-4D45-95DD-64C2DCFF5179}.Release|Any CPU.ActiveCfg = Release|Any CPU
		{C78DB4EB-46F1-4D45-95DD-64C2DCFF5179}.Release|Any CPU.Build.0 = Release|Any CPU
		{8C760537-D44D-4446-B6A7-B6404BC3A7C9}.Debug|Any CPU.ActiveCfg = Debug|Any CPU
		{8C760537-D44D-4446-B6A7-B6404BC3A7C9}.Debug|Any CPU.Build.0 = Debug|Any CPU
		{8C760537-D44D-4446-B6A7-B6404BC3A7C9}.Release|Any CPU.ActiveCfg = Release|Any CPU
		{8C760537-D44D-4446-B6A7-B6404BC3A7C9}.Release|Any CPU.Build.0 = Release|Any CPU
	EndGlobalSection
	GlobalSection(SolutionProperties) = preSolution
		HideSolutionNode = FALSE
	EndGlobalSection
	GlobalSection(ExtensibilityGlobals) = postSolution
		SolutionGuid = {C27117E8-D4B9-4490-B02C-9ACA1334DF9F}
	EndGlobalSection
EndGlobal
